
Microsoft Visual Studio Solution File, Format Version 12.00
# Visual Studio Version 17
VisualStudioVersion = 17.0.31903.59
MinimumVisualStudioVersion = 10.0.40219.1
Project("{FAE04EC0-301F-11D3-BF4B-00C04F79EFBC}") = "DSA", "DSA\DSA.csproj", "{BE7488AE-40D5-439A-BC3B-9F7B07504AAC}"
EndProject
Global
	GlobalSection(SolutionConfigurationPlatforms) = preSolution
		Debug|Any CPU = Debug|Any CPU
		Release|Any CPU = Release|Any CPU
	EndGlobalSection
	GlobalSection(SolutionProperties) = preSolution
		HideSolutionNode = FALSE
	EndGlobalSection
	GlobalSection(ProjectConfigurationPlatforms) = postSolution
		{BE7488AE-40D5-439A-BC3B-9F7B07504AAC}.Debug|Any CPU.ActiveCfg = Debug|Any CPU
		{BE7488AE-40D5-439A-BC3B-9F7B07504AAC}.Debug|Any CPU.Build.0 = Debug|Any CPU
		{BE7488AE-40D5-439A-BC3B-9F7B07504AAC}.Release|Any CPU.ActiveCfg = Release|Any CPU
		{BE7488AE-40D5-439A-BC3B-9F7B07504AAC}.Release|Any CPU.Build.0 = Release|Any CPU
	EndGlobalSection
EndGlobal
